PODS:
  - Capacitor (8.0.0):
    - CapacitorCordova
  - CapacitorApp (8.0.0):
    - Capacitor
  - CapacitorCordova (8.0.0)
  - CapacitorFilesystem (8.0.0):
    - Capacitor
    - IONFilesystemLib (~> 1.0.1)
  - CapacitorLocalNotifications (8.0.0):
    - Capacitor
  - CapacitorShare (8.0.0):
    - Capacitor
  - CapacitorStatusBar (8.0.0):
    - Capacitor
  - IONFilesystemLib (1.0.1)

DEPENDENCIES:
  - "Capacitor (from `../../node_modules/@capacitor/ios`)"
  - "CapacitorApp (from `../../node_modules/@capacitor/app`)"
  - "CapacitorCordova (from `../../node_modules/@capacitor/ios`)"
  - "CapacitorFilesystem (from `../../node_modules/@capacitor/filesystem`)"
  - "CapacitorLocalNotifications (from `../../node_modules/@capacitor/local-notifications`)"
  - "CapacitorShare (from `../../node_modules/@capacitor/share`)"
  - "CapacitorStatusBar (from `../../node_modules/@capacitor/status-bar`)"

SPEC REPOS:
  trunk:
    - IONFilesystemLib

EXTERNAL SOURCES:
  Capacitor:
    :path: "../../node_modules/@capacitor/ios"
  CapacitorApp:
    :path: "../../node_modules/@capacitor/app"
  CapacitorCordova:
    :path: "../../node_modules/@capacitor/ios"
  CapacitorFilesystem:
    :path: "../../node_modules/@capacitor/filesystem"
  CapacitorLocalNotifications:
    :path: "../../node_modules/@capacitor/local-notifications"
  CapacitorShare:
    :path: "../../node_modules/@capacitor/share"
  CapacitorStatusBar:
    :path: "../../node_modules/@capacitor/status-bar"

SPEC CHECKSUMS:
  Capacitor: 341ff7cf652ec695d1a8ebf604db448ac7b6d635
  CapacitorApp: 3963a84197280757b84f126afd1520a85ae3b092
  CapacitorCordova: 5dc3912d25ef770a3fe0f431bb65c9fbfa2e92f9
  CapacitorFilesystem: 2cb7c29536024668f333266a2177f8c10bbd9c98
  CapacitorLocalNotifications: 177cfbf8228d9bd82a147e094cb7984d7afb9e29
  CapacitorShare: 12f1d192170cbcf9f108fd675ac8e343761a4638
  CapacitorStatusBar: 312e2e67928dfe9514c4a8916a1fd610552f5f35
  IONFilesystemLib: 89258b8e3e85465da93127d25d7ce37f977e8a6f

PODFILE CHECKSUM: 2d8e7423d8d9fab7133dd06f52e8c39afd8ad4bd

COCOAPODS: 1.16.2
